// !$*UTF8*$!
{
	archiveVersion = 1;
	classes = {
	};
	objectVersion = 50;
	objects = {

/* Begin PBXBuildFile section */
		AB3A0FE7259BAA1D00310A10 /* TodoListApp.swift in Sources */ = {isa = PBXBuildFile; fileRef = AB3A0FE6259BAA1D00310A10 /* TodoListApp.swift */; };
		AB3A0FEB259BAA2100310A10 /* Assets.xcassets in Resources */ = {isa = PBXBuildFile; fileRef = AB3A0FEA259BAA2100310A10 /* Assets.xcassets */; };
		AB3A0FEE259BAA2100310A10 /* Preview Assets.xcassets in Resources */ = {isa = PBXBuildFile; fileRef = AB3A0FED259BAA2100310A10 /* Preview Assets.xcassets */; };
		AB3A0FF9259BAA2200310A10 /* TodoListTests.swift in Sources */ = {isa = PBXBuildFile; fileRef = AB3A0FF8259BAA2200310A10 /* TodoListTests.swift */; };
		AB3A1004259BAA2200310A10 /* TodoListUITests.swift in Sources */ = {isa = PBXBuildFile; fileRef = AB3A1003259BAA2200310A10 /* TodoListUITests.swift */; };
		AB3A1015259BADD500310A10 /* TodoItem.swift in Sources */ = {isa = PBXBuildFile; fileRef = AB3A1014259BADD500310A10 /* TodoItem.swift */; };
		AB3A101D259BAE1300310A10 /* TodoItemView.swift in Sources */ = {isa = PBXBuildFile; fileRef = AB3A101C259BAE1300310A10 /* TodoItemView.swift */; };
		AB3A1022259BB79800310A10 /* TodoItemListView.swift in Sources */ = {isa = PBXBuildFile; fileRef = AB3A1021259BB79800310A10 /* TodoItemListView.swift */; };
/* End PBXBuildFile section */

/* Begin PBXContainerItemProxy section */
		AB3A0FF5259BAA2200310A10 /* PBXContainerItemProxy */ = {
			isa = PBXContainerItemProxy;
			containerPortal = AB3A0FDB259BAA1D00310A10 /* Project object */;
			proxyType = 1;
			remoteGlobalIDString = AB3A0FE2259BAA1D00310A10;
			remoteInfo = TodoList;
		};
		AB3A1000259BAA2200310A10 /* PBXContainerItemProxy */ = {
			isa = PBXContainerItemProxy;
			containerPortal = AB3A0FDB259BAA1D00310A10 /* Project object */;
			proxyType = 1;
			remoteGlobalIDString = AB3A0FE2259BAA1D00310A10;
			remoteInfo = TodoList;
		};
/* End PBXContainerItemProxy section */

/* Begin PBXFileReference section */
		AB3A0FE3259BAA1D00310A10 /* TodoList.app */ = {isa = PBXFileReference; explicitFileType = wrapper.application; includeInIndex = 0; path = TodoList.app; sourceTree = BUILT_PRODUCTS_DIR; };
		AB3A0FE6259BAA1D00310A10 /* TodoListApp.swift */ = {isa = PBXFileReference; lastKnownFileType = sourcecode.swift; path = TodoListApp.swift; sourceTree = "<group>"; };
		AB3A0FEA259BAA2100310A10 /* Assets.xcassets */ = {isa = PBXFileReference; lastKnownFileType = folder.assetcatalog; path = Assets.xcassets; sourceTree = "<group>"; };
		AB3A0FED259BAA2100310A10 /* Preview Assets.xcassets */ = {isa = PBXFileReference; lastKnownFileType = folder.assetcatalog; path = "Preview Assets.xcassets"; sourceTree = "<group>"; };
		AB3A0FEF259BAA2100310A10 /* Info.plist */ = {isa = PBXFileReference; lastKnownFileType = text.plist.xml; path = Info.plist; sourceTree = "<group>"; };
		AB3A0FF4259BAA2200310A10 /* TodoListTests.xctest */ = {isa = PBXFileReference; explicitFileType = wrapper.cfbundle; includeInIndex = 0; path = TodoListTests.xctest; sourceTree = BUILT_PRODUCTS_DIR; };
		AB3A0FF8259BAA2200310A10 /* TodoListTests.swift */ = {isa = PBXFileReference; lastKnownFileType = sourcecode.swift; path = TodoListTests.swift; sourceTree = "<group>"; };
		AB3A0FFA259BAA2200310A10 /* Info.plist */ = {isa = PBXFileReference; lastKnownFileType = text.plist.xml; path = Info.plist; sourceTree = "<group>"; };
		AB3A0FFF259BAA2200310A10 /* TodoListUITests.xctest */ = {isa = PBXFileReference; explicitFileType = wrapper.cfbundle; includeInIndex = 0; path = TodoListUITests.xctest; sourceTree = BUILT_PRODUCTS_DIR; };
		AB3A1003259BAA2200310A10 /* TodoListUITests.swift */ = {isa = PBXFileReference; lastKnownFileType = sourcecode.swift; path = TodoListUITests.swift; sourceTree = "<group>"; };
		AB3A1005259BAA2200310A10 /* Info.plist */ = {isa = PBXFileReference; lastKnownFileType = text.plist.xml; path = Info.plist; sourceTree = "<group>"; };
		AB3A1014259BADD500310A10 /* TodoItem.swift */ = {isa = PBXFileReference; lastKnownFileType = sourcecode.swift; path = TodoItem.swift; sourceTree = "<group>"; };
		AB3A101C259BAE1300310A10 /* TodoItemView.swift */ = {isa = PBXFileReference; lastKnownFileType = sourcecode.swift; path = TodoItemView.swift; sourceTree = "<group>"; };
		AB3A1021259BB79800310A10 /* TodoItemListView.swift */ = {isa = PBXFileReference; lastKnownFileType = sourcecode.swift; path = TodoItemListView.swift; sourceTree = "<group>"; };
/* End PBXFileReference section */

/* Begin PBXFrameworksBuildPhase section */
		AB3A0FE0259BAA1D00310A10 /* Frameworks */ = {
			isa = PBXFrameworksBuildPhase;
			buildActionMask = 2147483647;
			files = (
			);
			runOnlyForDeploymentPostprocessing = 0;
		};
		AB3A0FF1259BAA2200310A10 /* Frameworks */ = {
			isa = PBXFrameworksBuildPhase;
			buildActionMask = 2147483647;
			files = (
			);
			runOnlyForDeploymentPostprocessing = 0;
		};
		AB3A0FFC259BAA2200310A10 /* Frameworks */ = {
			isa = PBXFrameworksBuildPhase;
			buildActionMask = 2147483647;
			files = (
			);
			runOnlyForDeploymentPostprocessing = 0;
		};
/* End PBXFrameworksBuildPhase section */

/* Begin PBXGroup section */
		AB3A0FDA259BAA1D00310A10 = {
			isa = PBXGroup;
			children = (
				AB3A0FE5259BAA1D00310A10 /* TodoList */,
				AB3A0FF7259BAA2200310A10 /* TodoListTests */,
				AB3A1002259BAA2200310A10 /* TodoListUITests */,
				AB3A0FE4259BAA1D00310A10 /* Products */,
			);
			sourceTree = "<group>";
		};
		AB3A0FE4259BAA1D00310A10 /* Products */ = {
			isa = PBXGroup;
			children = (
				AB3A0FE3259BAA1D00310A10 /* TodoList.app */,
				AB3A0FF4259BAA2200310A10 /* TodoListTests.xctest */,
				AB3A0FFF259BAA2200310A10 /* TodoListUITests.xctest */,
			);
			name = Products;
			sourceTree = "<group>";
		};
		AB3A0FE5259BAA1D00310A10 /* TodoList */ = {
			isa = PBXGroup;
			children = (
				AB3A1014259BADD500310A10 /* TodoItem.swift */,
				AB3A0FE6259BAA1D00310A10 /* TodoListApp.swift */,
				AB3A1021259BB79800310A10 /* TodoItemListView.swift */,
				AB3A0FEA259BAA2100310A10 /* Assets.xcassets */,
				AB3A0FEF259BAA2100310A10 /* Info.plist */,
				AB3A0FEC259BAA2100310A10 /* Preview Content */,
				AB3A101C259BAE1300310A10 /* TodoItemView.swift */,
			);
			path = TodoList;
			sourceTree = "<group>";
		};
		AB3A0FEC259BAA2100310A10 /* Preview Content */ = {
			isa = PBXGroup;
			children = (
				AB3A0FED259BAA2100310A10 /* Preview Assets.xcassets */,
			);
			path = "Preview Content";
			sourceTree = "<group>";
		};
		AB3A0FF7259BAA2200310A10 /* TodoListTests */ = {
			isa = PBXGroup;
			children = (
				AB3A0FF8259BAA2200310A10 /* TodoListTests.swift */,
				AB3A0FFA259BAA2200310A10 /* Info.plist */,
			);
			path = TodoListTests;
			sourceTree = "<group>";
		};
		AB3A1002259BAA2200310A10 /* TodoListUITests */ = {
			isa = PBXGroup;
			children = (
				AB3A1003259BAA2200310A10 /* TodoListUITests.swift */,
				AB3A1005259BAA2200310A10 /* Info.plist */,
			);
			path = TodoListUITests;
			sourceTree = "<group>";
		};
/* End PBXGroup section */

/* Begin PBXNativeTarget section */
		AB3A0FE2259BAA1D00310A10 /* TodoList */ = {
			isa = PBXNativeTarget;
			buildConfigurationList = AB3A1008259BAA2200310A10 /* Build configuration list for PBXNativeTarget "TodoList" */;
			buildPhases = (
				AB3A0FDF259BAA1D00310A10 /* Sources */,
				AB3A0FE0259BAA1D00310A10 /* Frameworks */,
				AB3A0FE1259BAA1D00310A10 /* Resources */,
			);
			buildRules = (
			);
			dependencies = (
			);
			name = TodoList;
			productName = TodoList;
			productReference = AB3A0FE3259BAA1D00310A10 /* TodoList.app */;
			productType = "com.apple.product-type.application";
		};
		AB3A0FF3259BAA2200310A10 /* TodoListTests */ = {
			isa = PBXNativeTarget;
			buildConfigurationList = AB3A100B259BAA2200310A10 /* Build configuration list for PBXNativeTarget "TodoListTests" */;
			buildPhases = (
				AB3A0FF0259BAA2200310A10 /* Sources */,
				AB3A0FF1259BAA2200310A10 /* Frameworks */,
				AB3A0FF2259BAA2200310A10 /* Resources */,
			);
			buildRules = (
			);
			dependencies = (
				AB3A0FF6259BAA2200310A10 /* PBXTargetDependency */,
			);
			name = TodoListTests;
			productName = TodoListTests;
			productReference = AB3A0FF4259BAA2200310A10 /* TodoListTests.xctest */;
			productType = "com.apple.product-type.bundle.unit-test";
		};
		AB3A0FFE259BAA2200310A10 /* TodoListUITests */ = {
			isa = PBXNativeTarget;
			buildConfigurationList = AB3A100E259BAA2200310A10 /* Build configuration list for PBXNativeTarget "TodoListUITests" */;
			buildPhases = (
				AB3A0FFB259BAA2200310A10 /* Sources */,
				AB3A0FFC259BAA2200310A10 /* Frameworks */,
				AB3A0FFD259BAA2200310A10 /* Resources */,
			);
			buildRules = (
			);
			dependencies = (
				AB3A1001259BAA2200310A10 /* PBXTargetDependency */,
			);
			name = TodoListUITests;
			productName = TodoListUITests;
			productReference = AB3A0FFF259BAA2200310A10 /* TodoListUITests.xctest */;
			productType = "com.apple.product-type.bundle.ui-testing";
		};
/* End PBXNativeTarget section */

/* Begin PBXProject section */
		AB3A0FDB259BAA1D00310A10 /* Project object */ = {
			isa = PBXProject;
			attributes = {
				LastSwiftUpdateCheck = 1230;
				LastUpgradeCheck = 1230;
				TargetAttributes = {
					AB3A0FE2259BAA1D00310A10 = {
						CreatedOnToolsVersion = 12.3;
					};
					AB3A0FF3259BAA2200310A10 = {
						CreatedOnToolsVersion = 12.3;
						TestTargetID = AB3A0FE2259BAA1D00310A10;
					};
					AB3A0FFE259BAA2200310A10 = {
						CreatedOnToolsVersion = 12.3;
						TestTargetID = AB3A0FE2259BAA1D00310A10;
					};
				};
			};
			buildConfigurationList = AB3A0FDE259BAA1D00310A10 /* Build configuration list for PBXProject "TodoList" */;
			compatibilityVersion = "Xcode 9.3";
			developmentRegion = en;
			hasScannedForEncodings = 0;
			knownRegions = (
				en,
				Base,
			);
			mainGroup = AB3A0FDA259BAA1D00310A10;
			productRefGroup = AB3A0FE4259BAA1D00310A10 /* Products */;
			projectDirPath = "";
			projectRoot = "";
			targets = (
				AB3A0FE2259BAA1D00310A10 /* TodoList */,
				AB3A0FF3259BAA2200310A10 /* TodoListTests */,
				AB3A0FFE259BAA2200310A10 /* TodoListUITests */,
			);
		};
/* End PBXProject section */

/* Begin PBXResourcesBuildPhase section */
		AB3A0FE1259BAA1D00310A10 /* Resources */ = {
			isa = PBXResourcesBuildPhase;
			buildActionMask = 2147483647;
			files = (
				AB3A0FEE259BAA2100310A10 /* Preview Assets.xcassets in Resources */,
				AB3A0FEB259BAA2100310A10 /* Assets.xcassets in Resources */,
			);
			runOnlyForDeploymentPostprocessing = 0;
		};
		AB3A0FF2259BAA2200310A10 /* Resources */ = {
			isa = PBXResourcesBuildPhase;
			buildActionMask = 2147483647;
			files = (
			);
			runOnlyForDeploymentPostprocessing = 0;
		};
		AB3A0FFD259BAA2200310A10 /* Resources */ = {
			isa = PBXResourcesBuildPhase;
			buildActionMask = 2147483647;
			files = (
			);
			runOnlyForDeploymentPostprocessing = 0;
		};
/* End PBXResourcesBuildPhase section */

/* Begin PBXSourcesBuildPhase section */
		AB3A0FDF259BAA1D00310A10 /* Sources */ = {
			isa = PBXSourcesBuildPhase;
			buildActionMask = 2147483647;
			files = (
				AB3A1022259BB79800310A10 /* TodoItemListView.swift in Sources */,
				AB3A101D259BAE1300310A10 /* TodoItemView.swift in Sources */,
				AB3A1015259BADD500310A10 /* TodoItem.swift in Sources */,
				AB3A0FE7259BAA1D00310A10 /* TodoListApp.swift in Sources */,
			);
			runOnlyForDeploymentPostprocessing = 0;
		};
		AB3A0FF0259BAA2200310A10 /* Sources */ = {
			isa = PBXSourcesBuildPhase;
			buildActionMask = 2147483647;
			files = (
				AB3A0FF9259BAA2200310A10 /* TodoListTests.swift in Sources */,
			);
			runOnlyForDeploymentPostprocessing = 0;
		};
		AB3A0FFB259BAA2200310A10 /* Sources */ = {
			isa = PBXSourcesBuildPhase;
			buildActionMask = 2147483647;
			files = (
				AB3A1004259BAA2200310A10 /* TodoListUITests.swift in Sources */,
			);
			runOnlyForDeploymentPostprocessing = 0;
		};
/* End PBXSourcesBuildPhase section */

/* Begin PBXTargetDependency section */
		AB3A0FF6259BAA2200310A10 /* PBXTargetDependency */ = {
			isa = PBXTargetDependency;
			target = AB3A0FE2259BAA1D00310A10 /* TodoList */;
			targetProxy = AB3A0FF5259BAA2200310A10 /* PBXContainerItemProxy */;
		};
		AB3A1001259BAA2200310A10 /* PBXTargetDependency */ = {
			isa = PBXTargetDependency;
			target = AB3A0FE2259BAA1D00310A10 /* TodoList */;
			targetProxy = AB3A1000259BAA2200310A10 /* PBXContainerItemProxy */;
		};
/* End PBXTargetDependency section */

/* Begin XCBuildConfiguration section */
		AB3A1006259BAA2200310A10 /* Debug */ = {
			isa = XCBuildConfiguration;
			buildSettings = {
				ALWAYS_SEARCH_USER_PATHS = NO;
				CLANG_ANALYZER_NONNULL = YES;
				CLANG_ANALYZER_NUMBER_OBJECT_CONVERSION = YES_AGGRESSIVE;
				CLANG_CXX_LANGUAGE_STANDARD = "gnu++14";
				CLANG_CXX_LIBRARY = "libc++";
				CLANG_ENABLE_MODULES = YES;
				CLANG_ENABLE_OBJC_ARC = YES;
				CLANG_ENABLE_OBJC_WEAK = YES;
				CLANG_WARN_BLOCK_CAPTURE_AUTORELEASING = YES;
				CLANG_WARN_BOOL_CONVERSION = YES;
				CLANG_WARN_COMMA = YES;
				CLANG_WARN_CONSTANT_CONVERSION = YES;
				CLANG_WARN_DEPRECATED_OBJC_IMPLEMENTATIONS = YES;
				CLANG_WARN_DIRECT_OBJC_ISA_USAGE = YES_ERROR;
				CLANG_WARN_DOCUMENTATION_COMMENTS = YES;
				CLANG_WARN_EMPTY_BODY = YES;
				CLANG_WARN_ENUM_CONVERSION = YES;
				CLANG_WARN_INFINITE_RECURSION = YES;
				CLANG_WARN_INT_CONVERSION = YES;
				CLANG_WARN_NON_LITERAL_NULL_CONVERSION = YES;
				CLANG_WARN_OBJC_IMPLICIT_RETAIN_SELF = YES;
				CLANG_WARN_OBJC_LITERAL_CONVERSION = YES;
				CLANG_WARN_OBJC_ROOT_CLASS = YES_ERROR;
				CLANG_WARN_QUOTED_INCLUDE_IN_FRAMEWORK_HEADER = YES;
				CLANG_WARN_RANGE_LOOP_ANALYSIS = YES;
				CLANG_WARN_STRICT_PROTOTYPES = YES;
				CLANG_WARN_SUSPICIOUS_MOVE = YES;
				CLANG_WARN_UNGUARDED_AVAILABILITY = YES_AGGRESSIVE;
				CLANG_WARN_UNREACHABLE_CODE = YES;
				CLANG_WARN__DUPLICATE_METHOD_MATCH = YES;
				COPY_PHASE_STRIP = NO;
				DEBUG_INFORMATION_FORMAT = dwarf;
				ENABLE_STRICT_OBJC_MSGSEND = YES;
				ENABLE_TESTABILITY = YES;
				GCC_C_LANGUAGE_STANDARD = gnu11;
				GCC_DYNAMIC_NO_PIC = NO;
				GCC_NO_COMMON_BLOCKS = YES;
				GCC_OPTIMIZATION_LEVEL = 0;
				GCC_PREPROCESSOR_DEFINITIONS = (
					"DEBUG=1",
					"$(inherited)",
				);
				GCC_WARN_64_TO_32_BIT_CONVERSION = YES;
				GCC_WARN_ABOUT_RETURN_TYPE = YES_ERROR;
				GCC_WARN_UNDECLARED_SELECTOR = YES;
				GCC_WARN_UNINITIALIZED_AUTOS = YES_AGGRESSIVE;
				GCC_WARN_UNUSED_FUNCTION = YES;
				GCC_WARN_UNUSED_VARIABLE = YES;
				IPHONEOS_DEPLOYMENT_TARGET = 14.3;
				MTL_ENABLE_DEBUG_INFO = INCLUDE_SOURCE;
				MTL_FAST_MATH = YES;
				ONLY_ACTIVE_ARCH = YES;
				SDKROOT = iphoneos;
				SWIFT_ACTIVE_COMPILATION_CONDITIONS = DEBUG;
				SWIFT_OPTIMIZATION_LEVEL = "-Onone";
			};
			name = Debug;
		};
		AB3A1007259BAA2200310A10 /* Release */ = {
			isa = XCBuildConfiguration;
			buildSettings = {
				ALWAYS_SEARCH_USER_PATHS = NO;
				CLANG_ANALYZER_NONNULL = YES;
				CLANG_ANALYZER_NUMBER_OBJECT_CONVERSION = YES_AGGRESSIVE;
				CLANG_CXX_LANGUAGE_STANDARD = "gnu++14";
				CLANG_CXX_LIBRARY = "libc++";
				CLANG_ENABLE_MODULES = YES;
				CLANG_ENABLE_OBJC_ARC = YES;
				CLANG_ENABLE_OBJC_WEAK = YES;
				CLANG_WARN_BLOCK_CAPTURE_AUTORELEASING = YES;
				CLANG_WARN_BOOL_CONVERSION = YES;
				CLANG_WARN_COMMA = YES;
				CLANG_WARN_CONSTANT_CONVERSION = YES;
				CLANG_WARN_DEPRECATED_OBJC_IMPLEMENTATIONS = YES;
				CLANG_WARN_DIRECT_OBJC_ISA_USAGE = YES_ERROR;
				CLANG_WARN_DOCUMENTATION_COMMENTS = YES;
				CLANG_WARN_EMPTY_BODY = YES;
				CLANG_WARN_ENUM_CONVERSION = YES;
				CLANG_WARN_INFINITE_RECURSION = YES;
				CLANG_WARN_INT_CONVERSION = YES;
				CLANG_WARN_NON_LITERAL_NULL_CONVERSION = YES;
				CLANG_WARN_OBJC_IMPLICIT_RETAIN_SELF = YES;
				CLANG_WARN_OBJC_LITERAL_CONVERSION = YES;
				CLANG_WARN_OBJC_ROOT_CLASS = YES_ERROR;
				CLANG_WARN_QUOTED_INCLUDE_IN_FRAMEWORK_HEADER = YES;
				CLANG_WARN_RANGE_LOOP_ANALYSIS = YES;
				CLANG_WARN_STRICT_PROTOTYPES = YES;
				CLANG_WARN_SUSPICIOUS_MOVE = YES;
				CLANG_WARN_UNGUARDED_AVAILABILITY = YES_AGGRESSIVE;
				CLANG_WARN_UNREACHABLE_CODE = YES;
				CLANG_WARN__DUPLICATE_METHOD_MATCH = YES;
				COPY_PHASE_STRIP = NO;
				DEBUG_INFORMATION_FORMAT = "dwarf-with-dsym";
				ENABLE_NS_ASSERTIONS = NO;
				ENABLE_STRICT_OBJC_MSGSEND = YES;
				GCC_C_LANGUAGE_STANDARD = gnu11;
				GCC_NO_COMMON_BLOCKS = YES;
				GCC_WARN_64_TO_32_BIT_CONVERSION = YES;
				GCC_WARN_ABOUT_RETURN_TYPE = YES_ERROR;
				GCC_WARN_UNDECLARED_SELECTOR = YES;
				GCC_WARN_UNINITIALIZED_AUTOS = YES_AGGRESSIVE;
				GCC_WARN_UNUSED_FUNCTION = YES;
				GCC_WARN_UNUSED_VARIABLE = YES;
				IPHONEOS_DEPLOYMENT_TARGET = 14.3;
				MTL_ENABLE_DEBUG_INFO = NO;
				MTL_FAST_MATH = YES;
				SDKROOT = iphoneos;
				SWIFT_COMPILATION_MODE = wholemodule;
				SWIFT_OPTIMIZATION_LEVEL = "-O";
				VALIDATE_PRODUCT = YES;
			};
			name = Release;
		};
		AB3A1009259BAA2200310A10 /* Debug */ = {
			isa = XCBuildConfiguration;
			buildSettings = {
				ASSETCATALOG_COMPILER_APPICON_NAME = AppIcon;
				ASSETCATALOG_COMPILER_GLOBAL_ACCENT_COLOR_NAME = AccentColor;
				CODE_SIGN_STYLE = Automatic;
				DEVELOPMENT_ASSET_PATHS = "\"TodoList/Preview Content\"";
				DEVELOPMENT_TEAM = 9DV634V8DP;
				ENABLE_PREVIEWS = YES;
				INFOPLIST_FILE = TodoList/Info.plist;
				IPHONEOS_DEPLOYMENT_TARGET = 14.0;
				LD_RUNPATH_SEARCH_PATHS = (
					"$(inherited)",
					"@executable_path/Frameworks",
				);
				PRODUCT_BUNDLE_IDENTIFIER = com.sufigaffar.TodoList;
				PRODUCT_NAME = "$(TARGET_NAME)";
				SWIFT_VERSION = 5.0;
				TARGETED_DEVICE_FAMILY = "1,2";
			};
			name = Debug;
		};
		AB3A100A259BAA2200310A10 /* Release */ = {
			isa = XCBuildConfiguration;
			buildSettings = {
				ASSETCATALOG_COMPILER_APPICON_NAME = AppIcon;
				ASSETCATALOG_COMPILER_GLOBAL_ACCENT_COLOR_NAME = AccentColor;
				CODE_SIGN_STYLE = Automatic;
				DEVELOPMENT_ASSET_PATHS = "\"TodoList/Preview Content\"";
				DEVELOPMENT_TEAM = 9DV634V8DP;
				ENABLE_PREVIEWS = YES;
				INFOPLIST_FILE = TodoList/Info.plist;
				IPHONEOS_DEPLOYMENT_TARGET = 14.0;
				LD_RUNPATH_SEARCH_PATHS = (
					"$(inherited)",
					"@executable_path/Frameworks",
				);
				PRODUCT_BUNDLE_IDENTIFIER = com.sufigaffar.TodoList;
				PRODUCT_NAME = "$(TARGET_NAME)";
				SWIFT_VERSION = 5.0;
				TARGETED_DEVICE_FAMILY = "1,2";
			};
			name = Release;
		};
		AB3A100C259BAA2200310A10 /* Debug */ = {
			isa = XCBuildConfiguration;
			buildSettings = {
				ALWAYS_EMBED_SWIFT_STANDARD_LIBRARIES = YES;
				BUNDLE_LOADER = "$(TEST_HOST)";
				CODE_SIGN_STYLE = Automatic;
				DEVELOPMENT_TEAM = 9DV634V8DP;
				INFOPLIST_FILE = TodoListTests/Info.plist;
				IPHONEOS_DEPLOYMENT_TARGET = 14.0;
				LD_RUNPATH_SEARCH_PATHS = (
					"$(inherited)",
					"@executable_path/Frameworks",
					"@loader_path/Frameworks",
				);
				PRODUCT_BUNDLE_IDENTIFIER = com.sufigaffar.TodoListTests;
				PRODUCT_NAME = "$(TARGET_NAME)";
				SWIFT_VERSION = 5.0;
				TARGETED_DEVICE_FAMILY = "1,2";
				TEST_HOST = "$(BUILT_PRODUCTS_DIR)/TodoList.app/TodoList";
			};
			name = Debug;
		};
		AB3A100D259BAA2200310A10 /* Release */ = {
			isa = XCBuildConfiguration;
			buildSettings = {
				ALWAYS_EMBED_SWIFT_STANDARD_LIBRARIES = YES;
				BUNDLE_LOADER = "$(TEST_HOST)";
				CODE_SIGN_STYLE = Automatic;
				DEVELOPMENT_TEAM = 9DV634V8DP;
				INFOPLIST_FILE = TodoListTests/Info.plist;
				IPHONEOS_DEPLOYMENT_TARGET = 14.0;
				LD_RUNPATH_SEARCH_PATHS = (
					"$(inherited)",
					"@executable_path/Frameworks",
					"@loader_path/Frameworks",
				);
				PRODUCT_BUNDLE_IDENTIFIER = com.sufigaffar.TodoListTests;
				PRODUCT_NAME = "$(TARGET_NAME)";
				SWIFT_VERSION = 5.0;
				TARGETED_DEVICE_FAMILY = "1,2";
				TEST_HOST = "$(BUILT_PRODUCTS_DIR)/TodoList.app/TodoList";
			};
			name = Release;
		};
		AB3A100F259BAA2200310A10 /* Debug */ = {
			isa = XCBuildConfiguration;
			buildSettings = {
				ALWAYS_EMBED_SWIFT_STANDARD_LIBRARIES = YES;
				CODE_SIGN_STYLE = Automatic;
				DEVELOPMENT_TEAM = 9DV634V8DP;
				INFOPLIST_FILE = TodoListUITests/Info.plist;
				LD_RUNPATH_SEARCH_PATHS = (
					"$(inherited)",
					"@executable_path/Frameworks",
					"@loader_path/Frameworks",
				);
				PRODUCT_BUNDLE_IDENTIFIER = com.sufigaffar.TodoListUITests;
				PRODUCT_NAME = "$(TARGET_NAME)";
				SWIFT_VERSION = 5.0;
				TARGETED_DEVICE_FAMILY = "1,2";
				TEST_TARGET_NAME = TodoList;
			};
			name = Debug;
		};
		AB3A1010259BAA2200310A10 /* Release */ = {
			isa = XCBuildConfiguration;
			buildSettings = {
				ALWAYS_EMBED_SWIFT_STANDARD_LIBRARIES = YES;
				CODE_SIGN_STYLE = Automatic;
				DEVELOPMENT_TEAM = 9DV634V8DP;
				INFOPLIST_FILE = TodoListUITests/Info.plist;
				LD_RUNPATH_SEARCH_PATHS = (
					"$(inherited)",
					"@executable_path/Frameworks",
					"@loader_path/Frameworks",
				);
				PRODUCT_BUNDLE_IDENTIFIER = com.sufigaffar.TodoListUITests;
				PRODUCT_NAME = "$(TARGET_NAME)";
				SWIFT_VERSION = 5.0;
				TARGETED_DEVICE_FAMILY = "1,2";
				TEST_TARGET_NAME = TodoList;
			};
			name = Release;
		};
/* End XCBuildConfiguration section */

/* Begin XCConfigurationList section */
		AB3A0FDE259BAA1D00310A10 /* Build configuration list for PBXProject "TodoList" */ = {
			isa = XCConfigurationList;
			buildConfigurations = (
				AB3A1006259BAA2200310A10 /* Debug */,
				AB3A1007259BAA2200310A10 /* Release */,
			);
			defaultConfigurationIsVisible = 0;
			defaultConfigurationName = Release;
		};
		AB3A1008259BAA2200310A10 /* Build configuration list for PBXNativeTarget "TodoList" */ = {
			isa = XCConfigurationList;
			buildConfigurations = (
				AB3A1009259BAA2200310A10 /* Debug */,
				AB3A100A259BAA2200310A10 /* Release */,
			);
			defaultConfigurationIsVisible = 0;
			defaultConfigurationName = Release;
		};
		AB3A100B259BAA2200310A10 /* Build configuration list for PBXNativeTarget "TodoListTests" */ = {
			isa = XCConfigurationList;
			buildConfigurations = (
				AB3A100C259BAA2200310A10 /* Debug */,
				AB3A100D259BAA2200310A10 /* Release */,
			);
			defaultConfigurationIsVisible = 0;
			defaultConfigurationName = Release;
		};
		AB3A100E259BAA2200310A10 /* Build configuration list for PBXNativeTarget "TodoListUITests" */ = {
			isa = XCConfigurationList;
			buildConfigurations = (
				AB3A100F259BAA2200310A10 /* Debug */,
				AB3A1010259BAA2200310A10 /* Release */,
			);
			defaultConfigurationIsVisible = 0;
			defaultConfigurationName = Release;
		};
/* End XCConfigurationList section */
	};
	rootObject = AB3A0FDB259BAA1D00310A10 /* Project object */;
}
